{
  "name": "boom_calendar",
  "version": "1.0.0",
  "lockfileVersion": 1,
  "requires": true,
  "dependencies": {
    "@fullcalendar/common": {
      "version": "5.6.0",
      "resolved": "https://registry.npmjs.org/@fullcalendar/common/-/common-5.6.0.tgz",
      "integrity": "sha512-4i4kZDVpRvfdKoJHRljDHsoYu466Odor9FhekP+67dIUoNnXSDTnQRmGfURwiF4RwaTsdWKe2+B7gors9G7zZA==",
      "requires": {
        "tslib": "^2.0.3"
      }
    },
    "@fullcalendar/core": {
      "version": "5.6.0",
      "resolved": "https://registry.npmjs.org/@fullcalendar/core/-/core-5.6.0.tgz",
      "integrity": "sha512-RK7WM2oWAd4GJ3Ib6a3ftTmz2UxUD4N2JmH8ml+E3bprS9/wjnfvZppikx30UxKUBCAzQcBGOKV8GXh0Wk7FvA==",
      "requires": {
        "@fullcalendar/common": "~5.6.0",
        "preact": "^10.0.5",
        "tslib": "^2.0.3"
      }
    },
    "@fullcalendar/daygrid": {
      "version": "5.6.0",
      "resolved": "https://registry.npmjs.org/@fullcalendar/daygrid/-/daygrid-5.6.0.tgz",
      "integrity": "sha512-UaNn6/vKQ3zI4/sDhrMACkIHOSZb/MA0JGlvvw3OTYFULqE5TISuYYnDbo9S1Wdz3AbTBvCzYy5Qk1vZQFsGwg==",
      "requires": {
        "@fullcalendar/common": "~5.6.0",
        "tslib": "^2.0.3"
      }
    },
    "@fullcalendar/interaction": {
      "version": "5.6.0",
      "resolved": "https://registry.npmjs.org/@fullcalendar/interaction/-/interaction-5.6.0.tgz",
      "integrity": "sha512-2Jlr3e9hKanctmwXKio84Wv070bJn1Im+ZVWjdzUcF/wtUrsD1Kd5dcPBfl9jfTwl2jX/eCWBU3o6ZCLdgoaDg==",
      "requires": {
        "@fullcalendar/common": "~5.6.0",
        "tslib": "^2.0.3"
      }
    },
    "@fullcalendar/react": {
      "version": "5.6.0",
      "resolved": "https://registry.npmjs.org/@fullcalendar/react/-/react-5.6.0.tgz",
      "integrity": "sha512-g6U3bFnJZH+dT4N+SqdXVEIV/FCI1ShZedCRCjKXdG2VpvhkcOPeUVRp9gHMKTsy2S4W76f/B/W3r9Av5Ebxdg==",
      "requires": {
        "@fullcalendar/common": "~5.6.0",
        "tslib": "^2.0.3"
      }
    },
    "@fullcalendar/timegrid": {
      "version": "5.6.0",
      "resolved": "https://registry.npmjs.org/@fullcalendar/timegrid/-/timegrid-5.6.0.tgz",
      "integrity": "sha512-NG55pzPvrzZEuVq+/Vn1ZbyKARVjsE6PzhiOHvJuyt3gzVPeWjXGUWjDN3BSDZ8p/4dthbF6H9mCPia977aV1g==",
      "requires": {
        "@fullcalendar/common": "~5.6.0",
        "@fullcalendar/daygrid": "~5.6.0",
        "tslib": "^2.0.3"
      }
    },
    "js-tokens": {
      "version": "4.0.0",
      "resolved": "https://registry.npmjs.org/js-tokens/-/js-tokens-4.0.0.tgz",
      "integrity": "sha512-RdJUflcE3cUzKiMqQgsCu06FPu9UdIJO0beYbPhHN4k6apgJtifcoCtT9bcxOpYBtpD2kCM6Sbzg4CausW/PKQ=="
    },
    "loose-envify": {
      "version": "1.4.0",
      "resolved": "https://registry.npmjs.org/loose-envify/-/loose-envify-1.4.0.tgz",
      "integrity": "sha512-lyuxPGr/Wfhrlem2CL/UcnUc1zcqKAImBDzukY7Y5F/yQiNdko6+fRLevlw1HgMySw7f611UIY408EtxRSoK3Q==",
      "requires": {
        "js-tokens": "^3.0.0 || ^4.0.0"
      }
    },
    "object-assign": {
      "version": "4.1.1",
      "resolved": "https://registry.npmjs.org/object-assign/-/object-assign-4.1.1.tgz",
      "integrity": "sha1-IQmtx5ZYh8/AXLvUQsrIv7s2CGM="
    },
    "preact": {
      "version": "10.5.13",
      "resolved": "https://registry.npmjs.org/preact/-/preact-10.5.13.tgz",
      "integrity": "sha512-q/vlKIGNwzTLu+jCcvywgGrt+H/1P/oIRSD6mV4ln3hmlC+Aa34C7yfPI4+5bzW8pONyVXYS7SvXosy2dKKtWQ=="
    },
    "react": {
      "version": "17.0.2",
      "resolved": "https://registry.npmjs.org/react/-/react-17.0.2.tgz",
      "integrity": "sha512-gnhPt75i/dq/z3/6q/0asP78D0u592D5L1pd7M8P+dck6Fu/jJeL6iVVK23fptSUZj8Vjf++7wXA8UNclGQcbA==",
      "requires": {
        "loose-envify": "^1.1.0",
        "object-assign": "^4.1.1"
      }
    },
    "react-dom": {
      "version": "17.0.2",
      "resolved": "https://registry.npmjs.org/react-dom/-/react-dom-17.0.2.tgz",
      "integrity": "sha512-s4h96KtLDUQlsENhMn1ar8t2bEa+q/YAtj8pPPdIjPDGBDIVNsrD9aXNWqspUe6AzKCIG0C1HZZLqLV7qpOBGA==",
      "requires": {
        "loose-envify": "^1.1.0",
        "object-assign": "^4.1.1",
        "scheduler": "^0.20.2"
      }
    },
    "scheduler": {
      "version": "0.20.2",
      "resolved": "https://registry.npmjs.org/scheduler/-/scheduler-0.20.2.tgz",
      "integrity": "sha512-2eWfGgAqqWFGqtdMmcL5zCMK1U8KlXv8SQFGglL3CEtd0aDVDWgeF/YoCmvln55m5zSk3J/20hTaSBeSObsQDQ==",
      "requires": {
        "loose-envify": "^1.1.0",
        "object-assign": "^4.1.1"
      }
    },
    "tslib": {
      "version": "2.2.0",
      "resolved": "https://registry.npmjs.org/tslib/-/tslib-2.2.0.tgz",
      "integrity": "sha512-gS9GVHRU+RGn5KQM2rllAlR3dU6m7AcpJKdtH8gFvQiC4Otgk98XnmMU+nZenHt/+VhnBPWwgrJsyrdcw6i23w=="
    }
  }
}
